// !$*UTF8*$!
{
	archiveVersion = 1;
	classes = {
	};
	objectVersion = 51;
	objects = {

/* Begin PBXBuildFile section */
		771943E723FC687800861758 /* NotificationCenter.framework in Frameworks */ = {isa = PBXBuildFile; fileRef = 771943E623FC687800861758 /* NotificationCenter.framework */; };
		771943EA23FC687800861758 /* TodayViewController.swift in Sources */ = {isa = PBXBuildFile; fileRef = 771943E923FC687800861758 /* TodayViewController.swift */; };
		771943ED23FC687800861758 /* MainInterface.storyboard in Resources */ = {isa = PBXBuildFile; fileRef = 771943EB23FC687800861758 /* MainInterface.storyboard */; };
		771943F123FC687800861758 /* Shifts.appex in Embed App Extensions */ = {isa = PBXBuildFile; fileRef = 771943E523FC687800861758 /* Shifts.appex */; settings = {ATTRIBUTES = (RemoveHeadersOnCopy, ); }; };
		77302A6523FC7C21004DB165 /* Assets.xcassets in Resources */ = {isa = PBXBuildFile; fileRef = 774A850F23D76A8500A653A6 /* Assets.xcassets */; };
		77302A6723FDC315004DB165 /* TodayViewController.swift in Sources */ = {isa = PBXBuildFile; fileRef = 771943E923FC687800861758 /* TodayViewController.swift */; };
		77372B2E240A673600BA4BB3 /* SetEmptySaredData.swift in Sources */ = {isa = PBXBuildFile; fileRef = 77372B2D240A673600BA4BB3 /* SetEmptySaredData.swift */; };
		77372B30240BB5F900BA4BB3 /* SetDefaultDBRealmDirectory_Func.swift in Sources */ = {isa = PBXBuildFile; fileRef = 77372B2F240BB5F900BA4BB3 /* SetDefaultDBRealmDirectory_Func.swift */; };
		77372B32240BB6C500BA4BB3 /* SetFistClearShiftType_Func.swift in Sources */ = {isa = PBXBuildFile; fileRef = 77372B31240BB6C500BA4BB3 /* SetFistClearShiftType_Func.swift */; };
		77372B34240BC05200BA4BB3 /* CustomTabBarController.swift in Sources */ = {isa = PBXBuildFile; fileRef = 77372B33240BC05200BA4BB3 /* CustomTabBarController.swift */; };
		77372B36240BC4C300BA4BB3 /* MainVCStoryboard.storyboard in Resources */ = {isa = PBXBuildFile; fileRef = 77372B35240BC4C300BA4BB3 /* MainVCStoryboard.storyboard */; };
		77372B38240BC60900BA4BB3 /* SettingsVCStoryboard.storyboard in Resources */ = {isa = PBXBuildFile; fileRef = 77372B37240BC60900BA4BB3 /* SettingsVCStoryboard.storyboard */; };
		77372B3D240ED1C200BA4BB3 /* SetDefaultTheme_Func.swift in Sources */ = {isa = PBXBuildFile; fileRef = 77372B3C240ED1C200BA4BB3 /* SetDefaultTheme_Func.swift */; };
		77372B41240EF35100BA4BB3 /* SetThemeFromDefaults_Func.swift in Sources */ = {isa = PBXBuildFile; fileRef = 77372B40240EF35000BA4BB3 /* SetThemeFromDefaults_Func.swift */; };
		77372B4324101DA600BA4BB3 /* ShiftTypeCreationAlert.storyboard in Resources */ = {isa = PBXBuildFile; fileRef = 77372B4224101DA600BA4BB3 /* ShiftTypeCreationAlert.storyboard */; };
		77372B4524101DD900BA4BB3 /* ShiftTypeCreationAlertViewController.swift in Sources */ = {isa = PBXBuildFile; fileRef = 77372B4424101DD900BA4BB3 /* ShiftTypeCreationAlertViewController.swift */; };
		774A850723D76A8400A653A6 /* AppDelegate.swift in Sources */ = {isa = PBXBuildFile; fileRef = 774A850623D76A8400A653A6 /* AppDelegate.swift */; };
		774A850923D76A8400A653A6 /* SceneDelegate.swift in Sources */ = {isa = PBXBuildFile; fileRef = 774A850823D76A8400A653A6 /* SceneDelegate.swift */; };
		774A850B23D76A8400A653A6 /* MainViewController.swift in Sources */ = {isa = PBXBuildFile; fileRef = 774A850A23D76A8400A653A6 /* MainViewController.swift */; };
		774A850E23D76A8400A653A6 /* Main.storyboard in Resources */ = {isa = PBXBuildFile; fileRef = 774A850C23D76A8400A653A6 /* Main.storyboard */; };
		774A851023D76A8500A653A6 /* Assets.xcassets in Resources */ = {isa = PBXBuildFile; fileRef = 774A850F23D76A8500A653A6 /* Assets.xcassets */; };
		774A851323D76A8500A653A6 /* LaunchScreen.storyboard in Resources */ = {isa = PBXBuildFile; fileRef = 774A851123D76A8500A653A6 /* LaunchScreen.storyboard */; };
		774A851B23D7712500A653A6 /* DateCollectionViewCell.swift in Sources */ = {isa = PBXBuildFile; fileRef = 774A851A23D7712500A653A6 /* DateCollectionViewCell.swift */; };
		774A851D23D772C800A653A6 /* CalendarDataSource.swift in Sources */ = {isa = PBXBuildFile; fileRef = 774A851C23D772C800A653A6 /* CalendarDataSource.swift */; };
		774A852123E0CA2C00A653A6 /* Ext_String.swift in Sources */ = {isa = PBXBuildFile; fileRef = 774A852023E0CA2C00A653A6 /* Ext_String.swift */; };
		774A852323E0CA4100A653A6 /* Ext_Date.swift in Sources */ = {isa = PBXBuildFile; fileRef = 774A852223E0CA4100A653A6 /* Ext_Date.swift */; };
		774A852523E2103600A653A6 /* CollectionViewDataSourse.swift in Sources */ = {isa = PBXBuildFile; fileRef = 774A852423E2103600A653A6 /* CollectionViewDataSourse.swift */; };
		774A852923E3562900A653A6 /* ShiftModel.swift in Sources */ = {isa = PBXBuildFile; fileRef = 774A852823E3562900A653A6 /* ShiftModel.swift */; };
		774A852B23E3572F00A653A6 /* StaffModel.swift in Sources */ = {isa = PBXBuildFile; fileRef = 774A852A23E3572F00A653A6 /* StaffModel.swift */; };
		774A852E23E35C5C00A653A6 /* StorageManager.swift in Sources */ = {isa = PBXBuildFile; fileRef = 774A852D23E35C5C00A653A6 /* StorageManager.swift */; };
		774F98D223F480D700596B08 /* TrailingSwipeAction.swift in Sources */ = {isa = PBXBuildFile; fileRef = 774F98D123F480D700596B08 /* TrailingSwipeAction.swift */; };
		7783940223F7E657000BD2D4 /* CheckTheShiftTypeForExistence_Func.swift in Sources */ = {isa = PBXBuildFile; fileRef = 7783940123F7E657000BD2D4 /* CheckTheShiftTypeForExistence_Func.swift */; };
		7783940423F8166F000BD2D4 /* RealmCascadeDeleteion_Ext_Realm.swift in Sources */ = {isa = PBXBuildFile; fileRef = 7783940323F8166F000BD2D4 /* RealmCascadeDeleteion_Ext_Realm.swift */; };
		7783940823F88A22000BD2D4 /* ValidationCheckRemovalView.swift in Sources */ = {isa = PBXBuildFile; fileRef = 7783940723F88A22000BD2D4 /* ValidationCheckRemovalView.swift */; };
		778F4BE823FFD74D0072C38D /* CalendarCollectionViewDataSourse.swift in Sources */ = {isa = PBXBuildFile; fileRef = 778F4BE723FFD74D0072C38D /* CalendarCollectionViewDataSourse.swift */; };
		778F4BEA23FFE47C0072C38D /* CalendarCollectionViewCell.swift in Sources */ = {isa = PBXBuildFile; fileRef = 778F4BE923FFE47C0072C38D /* CalendarCollectionViewCell.swift */; };
		778F4BEE240004390072C38D /* CalendarDataSourse.swift in Sources */ = {isa = PBXBuildFile; fileRef = 778F4BED240004390072C38D /* CalendarDataSourse.swift */; };
		779110EB2408468E00DDFC1A /* CustomNavigationBarInSettingsVC.swift in Sources */ = {isa = PBXBuildFile; fileRef = 779110EA2408468E00DDFC1A /* CustomNavigationBarInSettingsVC.swift */; };
		779110ED240846B400DDFC1A /* CustomNavigationBarInSettingsVC.xib in Resources */ = {isa = PBXBuildFile; fileRef = 779110EC240846B400DDFC1A /* CustomNavigationBarInSettingsVC.xib */; };
		7793C6F823E4BA8D0063BBA4 /* ShiftTypeModel.swift in Sources */ = {isa = PBXBuildFile; fileRef = 7793C6F723E4BA8D0063BBA4 /* ShiftTypeModel.swift */; };
		7793C6FA23E840C00063BBA4 /* ScheduleShiftsModel.swift in Sources */ = {isa = PBXBuildFile; fileRef = 7793C6F923E840C00063BBA4 /* ScheduleShiftsModel.swift */; };
		7793C6FE23E9F0610063BBA4 /* SetEmptySchedaleShifts_Func.swift in Sources */ = {isa = PBXBuildFile; fileRef = 7793C6FD23E9F0610063BBA4 /* SetEmptySchedaleShifts_Func.swift */; };
		7793C70023E9F5380063BBA4 /* GetIndexFirstWeekDay_Func.swift in Sources */ = {isa = PBXBuildFile; fileRef = 7793C6FF23E9F5380063BBA4 /* GetIndexFirstWeekDay_Func.swift */; };
		7793C70223E9F6010063BBA4 /* CheckTheSchudaleForExistence_Func.swift in Sources */ = {isa = PBXBuildFile; fileRef = 7793C70123E9F6010063BBA4 /* CheckTheSchudaleForExistence_Func.swift */; };
		7793C70423E9FBD60063BBA4 /* CheckTheSchudaleForEmptiness_Func.swift in Sources */ = {isa = PBXBuildFile; fileRef = 7793C70323E9FBD60063BBA4 /* CheckTheSchudaleForEmptiness_Func.swift */; };
		7793C70723EA092C0063BBA4 /* RemoveScheduleShifts_Func.swift in Sources */ = {isa = PBXBuildFile; fileRef = 7793C70623EA092C0063BBA4 /* RemoveScheduleShifts_Func.swift */; };
		7793C70923EDE3720063BBA4 /* TableViewDataSource_Ext_MainVC.swift in Sources */ = {isa = PBXBuildFile; fileRef = 7793C70823EDE3720063BBA4 /* TableViewDataSource_Ext_MainVC.swift */; };
		7793C70D23EDEF270063BBA4 /* ShiftTypeCell.swift in Sources */ = {isa = PBXBuildFile; fileRef = 7793C70C23EDEF270063BBA4 /* ShiftTypeCell.swift */; };
		7793C70F23EDF6760063BBA4 /* ShiftStaffModel.swift in Sources */ = {isa = PBXBuildFile; fileRef = 7793C70E23EDF6760063BBA4 /* ShiftStaffModel.swift */; };
		7793C71323F045E40063BBA4 /* SettingsViewController.swift in Sources */ = {isa = PBXBuildFile; fileRef = 7793C71223F045E30063BBA4 /* SettingsViewController.swift */; };
		7793C71523F04A960063BBA4 /* TableViewDataSource.swift in Sources */ = {isa = PBXBuildFile; fileRef = 7793C71423F04A960063BBA4 /* TableViewDataSource.swift */; };
		7793C71723F04B2E0063BBA4 /* ShiftTypeTableViewCell.swift in Sources */ = {isa = PBXBuildFile; fileRef = 7793C71623F04B2E0063BBA4 /* ShiftTypeTableViewCell.swift */; };
		7793C71B23F05FC70063BBA4 /* ShiftTypeCreationView.xib in Resources */ = {isa = PBXBuildFile; fileRef = 7793C71A23F05FC70063BBA4 /* ShiftTypeCreationView.xib */; };
		7793C71F23F062870063BBA4 /* ShiftTypeCreationView.swift in Sources */ = {isa = PBXBuildFile; fileRef = 7793C71E23F062870063BBA4 /* ShiftTypeCreationView.swift */; };
		7793C72123F177390063BBA4 /* ShiftTypeCreationCollectionViewDataSourse.swift in Sources */ = {isa = PBXBuildFile; fileRef = 7793C72023F177390063BBA4 /* ShiftTypeCreationCollectionViewDataSourse.swift */; };
		7793C72823F1808E0063BBA4 /* ShiftTypeColorCollectionVCell.swift in Sources */ = {isa = PBXBuildFile; fileRef = 7793C72623F1808E0063BBA4 /* ShiftTypeColorCollectionVCell.swift */; };
		7793C72923F1808E0063BBA4 /* ShiftTypeColorCollectionVCell.xib in Resources */ = {isa = PBXBuildFile; fileRef = 7793C72723F1808E0063BBA4 /* ShiftTypeColorCollectionVCell.xib */; };
		7798341623FDD38300CB5180 /* Alert.storyboard in Resources */ = {isa = PBXBuildFile; fileRef = 7798341523FDD38300CB5180 /* Alert.storyboard */; };
		77D862C1240985420079EBBE /* Ext_UIView.swift in Sources */ = {isa = PBXBuildFile; fileRef = 77D862C0240985420079EBBE /* Ext_UIView.swift */; };
		77E6A1162405C0C500F4A655 /* ViewStyle.swift in Sources */ = {isa = PBXBuildFile; fileRef = 77E6A1152405C0C500F4A655 /* ViewStyle.swift */; };
		77E6A11824082BB500F4A655 /* CustomNavigationBarInMainVC.xib in Resources */ = {isa = PBXBuildFile; fileRef = 77E6A11724082BB500F4A655 /* CustomNavigationBarInMainVC.xib */; };
		77E6A11A24082EBF00F4A655 /* CustomNavigationBarInMainVC.swift in Sources */ = {isa = PBXBuildFile; fileRef = 77E6A11924082EBF00F4A655 /* CustomNavigationBarInMainVC.swift */; };
		909A6A9704E534AC9468D35B /* Pods_Smenka.framework in Frameworks */ = {isa = PBXBuildFile; fileRef = D1BC425899994F051C914AFA /* Pods_Smenka.framework */; };
/* End PBXBuildFile section */

/* Begin PBXContainerItemProxy section */
		771943EF23FC687800861758 /* PBXContainerItemProxy */ = {
			isa = PBXContainerItemProxy;
			containerPortal = 774A84FB23D76A8300A653A6 /* Project object */;
			proxyType = 1;
			remoteGlobalIDString = 771943E423FC687800861758;
			remoteInfo = Shifts;
		};
/* End PBXContainerItemProxy section */

/* Begin PBXCopyFilesBuildPhase section */
		771943F223FC687800861758 /* Embed App Extensions */ = {
			isa = PBXCopyFilesBuildPhase;
			buildActionMask = 2147483647;
			dstPath = "";
			dstSubfolderSpec = 13;
			files = (
				771943F123FC687800861758 /* Shifts.appex in Embed App Extensions */,
			);
			name = "Embed App Extensions";
			runOnlyForDeploymentPostprocessing = 0;
		};
/* End PBXCopyFilesBuildPhase section */

/* Begin PBXFileReference section */
		38CDAE717FB3AA3D1B574B61 /* Pods-Smenka.debug.xcconfig */ = {isa = PBXFileReference; includeInIndex = 1; lastKnownFileType = text.xcconfig; name = "Pods-Smenka.debug.xcconfig"; path = "Target Support Files/Pods-Smenka/Pods-Smenka.debug.xcconfig"; sourceTree = "<group>"; };
		567F2514FF79E89DF21301B1 /* Pods-Smenka.release.xcconfig */ = {isa = PBXFileReference; includeInIndex = 1; lastKnownFileType = text.xcconfig; name = "Pods-Smenka.release.xcconfig"; path = "Target Support Files/Pods-Smenka/Pods-Smenka.release.xcconfig"; sourceTree = "<group>"; };
		771943E523FC687800861758 /* Shifts.appex */ = {isa = PBXFileReference; explicitFileType = "wrapper.app-extension"; includeInIndex = 0; path = Shifts.appex; sourceTree = BUILT_PRODUCTS_DIR; };
		771943E623FC687800861758 /* NotificationCenter.framework */ = {isa = PBXFileReference; lastKnownFileType = wrapper.framework; name = NotificationCenter.framework; path = System/Library/Frameworks/NotificationCenter.framework; sourceTree = SDKROOT; };
		771943E923FC687800861758 /* TodayViewController.swift */ = {isa = PBXFileReference; lastKnownFileType = sourcecode.swift; path = TodayViewController.swift; sourceTree = "<group>"; };
		771943EC23FC687800861758 /* Base */ = {isa = PBXFileReference; lastKnownFileType = file.storyboard; name = Base; path = Base.lproj/MainInterface.storyboard; sourceTree = "<group>"; };
		771943EE23FC687800861758 /* Info.plist */ = {isa = PBXFileReference; lastKnownFileType = text.plist.xml; path = Info.plist; sourceTree = "<group>"; };
		77302A6423FC7937004DB165 /* Shifts.entitlements */ = {isa = PBXFileReference; lastKnownFileType = text.plist.entitlements; path = Shifts.entitlements; sourceTree = "<group>"; };
		77302A6623FDB577004DB165 /* Smenka.entitlements */ = {isa = PBXFileReference; lastKnownFileType = text.plist.entitlements; path = Smenka.entitlements; sourceTree = "<group>"; };
		77372B2D240A673600BA4BB3 /* SetEmptySaredData.swift */ = {isa = PBXFileReference; lastKnownFileType = sourcecode.swift; path = SetEmptySaredData.swift; sourceTree = "<group>"; };
		77372B2F240BB5F900BA4BB3 /* SetDefaultDBRealmDirectory_Func.swift */ = {isa = PBXFileReference; lastKnownFileType = sourcecode.swift; path = SetDefaultDBRealmDirectory_Func.swift; sourceTree = "<group>"; };
		77372B31240BB6C500BA4BB3 /* SetFistClearShiftType_Func.swift */ = {isa = PBXFileReference; lastKnownFileType = sourcecode.swift; path = SetFistClearShiftType_Func.swift; sourceTree = "<group>"; };
		77372B33240BC05200BA4BB3 /* CustomTabBarController.swift */ = {isa = PBXFileReference; lastKnownFileType = sourcecode.swift; path = CustomTabBarController.swift; sourceTree = "<group>"; };
		77372B35240BC4C300BA4BB3 /* MainVCStoryboard.storyboard */ = {isa = PBXFileReference; lastKnownFileType = file.storyboard; path = MainVCStoryboard.storyboard; sourceTree = "<group>"; };
		77372B37240BC60900BA4BB3 /* SettingsVCStoryboard.storyboard */ = {isa = PBXFileReference; lastKnownFileType = file.storyboard; path = SettingsVCStoryboard.storyboard; sourceTree = "<group>"; };
		77372B3C240ED1C200BA4BB3 /* SetDefaultTheme_Func.swift */ = {isa = PBXFileReference; lastKnownFileType = sourcecode.swift; path = SetDefaultTheme_Func.swift; sourceTree = "<group>"; };
		77372B40240EF35000BA4BB3 /* SetThemeFromDefaults_Func.swift */ = {isa = PBXFileReference; fileEncoding = 4; lastKnownFileType = sourcecode.swift; path = SetThemeFromDefaults_Func.swift; sourceTree = "<group>"; };
		77372B4224101DA600BA4BB3 /* ShiftTypeCreationAlert.storyboard */ = {isa = PBXFileReference; lastKnownFileType = file.storyboard; path = ShiftTypeCreationAlert.storyboard; sourceTree = "<group>"; };
		77372B4424101DD900BA4BB3 /* ShiftTypeCreationAlertViewController.swift */ = {isa = PBXFileReference; lastKnownFileType = sourcecode.swift; path = ShiftTypeCreationAlertViewController.swift; sourceTree = "<group>"; };
		774A850323D76A8400A653A6 /* Smenka.app */ = {isa = PBXFileReference; explicitFileType = wrapper.application; includeInIndex = 0; path = Smenka.app; sourceTree = BUILT_PRODUCTS_DIR; };
		774A850623D76A8400A653A6 /* AppDelegate.swift */ = {isa = PBXFileReference; lastKnownFileType = sourcecode.swift; path = AppDelegate.swift; sourceTree = "<group>"; };
		774A850823D76A8400A653A6 /* SceneDelegate.swift */ = {isa = PBXFileReference; lastKnownFileType = sourcecode.swift; path = SceneDelegate.swift; sourceTree = "<group>"; };
		774A850A23D76A8400A653A6 /* MainViewController.swift */ = {isa = PBXFileReference; lastKnownFileType = sourcecode.swift; path = MainViewController.swift; sourceTree = "<group>"; };
		774A850D23D76A8400A653A6 /* Base */ = {isa = PBXFileReference; lastKnownFileType = file.storyboard; name = Base; path = Base.lproj/Main.storyboard; sourceTree = "<group>"; };
		774A850F23D76A8500A653A6 /* Assets.xcassets */ = {isa = PBXFileReference; lastKnownFileType = folder.assetcatalog; path = Assets.xcassets; sourceTree = "<group>"; };
		774A851223D76A8500A653A6 /* Base */ = {isa = PBXFileReference; lastKnownFileType = file.storyboard; name = Base; path = Base.lproj/LaunchScreen.storyboard; sourceTree = "<group>"; };
		774A851423D76A8500A653A6 /* Info.plist */ = {isa = PBXFileReference; lastKnownFileType = text.plist.xml; path = Info.plist; sourceTree = "<group>"; };
		774A851A23D7712500A653A6 /* DateCollectionViewCell.swift */ = {isa = PBXFileReference; lastKnownFileType = sourcecode.swift; path = DateCollectionViewCell.swift; sourceTree = "<group>"; };
		774A851C23D772C800A653A6 /* CalendarDataSource.swift */ = {isa = PBXFileReference; lastKnownFileType = sourcecode.swift; path = CalendarDataSource.swift; sourceTree = "<group>"; };
		774A852023E0CA2C00A653A6 /* Ext_String.swift */ = {isa = PBXFileReference; lastKnownFileType = sourcecode.swift; path = Ext_String.swift; sourceTree = "<group>"; };
		774A852223E0CA4100A653A6 /* Ext_Date.swift */ = {isa = PBXFileReference; lastKnownFileType = sourcecode.swift; path = Ext_Date.swift; sourceTree = "<group>"; };
		774A852423E2103600A653A6 /* CollectionViewDataSourse.swift */ = {isa = PBXFileReference; lastKnownFileType = sourcecode.swift; path = CollectionViewDataSourse.swift; sourceTree = "<group>"; };
		774A852823E3562900A653A6 /* ShiftModel.swift */ = {isa = PBXFileReference; lastKnownFileType = sourcecode.swift; path = ShiftModel.swift; sourceTree = "<group>"; };
		774A852A23E3572F00A653A6 /* StaffModel.swift */ = {isa = PBXFileReference; lastKnownFileType = sourcecode.swift; path = StaffModel.swift; sourceTree = "<group>"; };
		774A852D23E35C5C00A653A6 /* StorageManager.swift */ = {isa = PBXFileReference; lastKnownFileType = sourcecode.swift; path = StorageManager.swift; sourceTree = "<group>"; };
		774F98D123F480D700596B08 /* TrailingSwipeAction.swift */ = {isa = PBXFileReference; lastKnownFileType = sourcecode.swift; path = TrailingSwipeAction.swift; sourceTree = "<group>"; };
		7783940123F7E657000BD2D4 /* CheckTheShiftTypeForExistence_Func.swift */ = {isa = PBXFileReference; lastKnownFileType = sourcecode.swift; path = CheckTheShiftTypeForExistence_Func.swift; sourceTree = "<group>"; };
		7783940323F8166F000BD2D4 /* RealmCascadeDeleteion_Ext_Realm.swift */ = {isa = PBXFileReference; lastKnownFileType = sourcecode.swift; path = RealmCascadeDeleteion_Ext_Realm.swift; sourceTree = "<group>"; };
		7783940723F88A22000BD2D4 /* ValidationCheckRemovalView.swift */ = {isa = PBXFileReference; lastKnownFileType = sourcecode.swift; path = ValidationCheckRemovalView.swift; sourceTree = "<group>"; };
		778F4BE723FFD74D0072C38D /* CalendarCollectionViewDataSourse.swift */ = {isa = PBXFileReference; lastKnownFileType = sourcecode.swift; path = CalendarCollectionViewDataSourse.swift; sourceTree = "<group>"; };
		778F4BE923FFE47C0072C38D /* CalendarCollectionViewCell.swift */ = {isa = PBXFileReference; lastKnownFileType = sourcecode.swift; path = CalendarCollectionViewCell.swift; sourceTree = "<group>"; };
		778F4BED240004390072C38D /* CalendarDataSourse.swift */ = {isa = PBXFileReference; lastKnownFileType = sourcecode.swift; path = CalendarDataSourse.swift; sourceTree = "<group>"; };
		779110EA2408468E00DDFC1A /* CustomNavigationBarInSettingsVC.swift */ = {isa = PBXFileReference; lastKnownFileType = sourcecode.swift; path = CustomNavigationBarInSettingsVC.swift; sourceTree = "<group>"; };
		779110EC240846B400DDFC1A /* CustomNavigationBarInSettingsVC.xib */ = {isa = PBXFileReference; lastKnownFileType = file.xib; path = CustomNavigationBarInSettingsVC.xib; sourceTree = "<group>"; };
		7793C6F723E4BA8D0063BBA4 /* ShiftTypeModel.swift */ = {isa = PBXFileReference; lastKnownFileType = sourcecode.swift; path = ShiftTypeModel.swift; sourceTree = "<group>"; };
		7793C6F923E840C00063BBA4 /* ScheduleShiftsModel.swift */ = {isa = PBXFileReference; lastKnownFileType = sourcecode.swift; path = ScheduleShiftsModel.swift; sourceTree = "<group>"; };
		7793C6FD23E9F0610063BBA4 /* SetEmptySchedaleShifts_Func.swift */ = {isa = PBXFileReference; lastKnownFileType = sourcecode.swift; path = SetEmptySchedaleShifts_Func.swift; sourceTree = "<group>"; };
		7793C6FF23E9F5380063BBA4 /* GetIndexFirstWeekDay_Func.swift */ = {isa = PBXFileReference; lastKnownFileType = sourcecode.swift; path = GetIndexFirstWeekDay_Func.swift; sourceTree = "<group>"; };
		7793C70123E9F6010063BBA4 /* CheckTheSchudaleForExistence_Func.swift */ = {isa = PBXFileReference; lastKnownFileType = sourcecode.swift; path = CheckTheSchudaleForExistence_Func.swift; sourceTree = "<group>"; };
		7793C70323E9FBD60063BBA4 /* CheckTheSchudaleForEmptiness_Func.swift */ = {isa = PBXFileReference; lastKnownFileType = sourcecode.swift; path = CheckTheSchudaleForEmptiness_Func.swift; sourceTree = "<group>"; };
		7793C70623EA092C0063BBA4 /* RemoveScheduleShifts_Func.swift */ = {isa = PBXFileReference; lastKnownFileType = sourcecode.swift; path = RemoveScheduleShifts_Func.swift; sourceTree = "<group>"; };
		7793C70823EDE3720063BBA4 /* TableViewDataSource_Ext_MainVC.swift */ = {isa = PBXFileReference; lastKnownFileType = sourcecode.swift; path = TableViewDataSource_Ext_MainVC.swift; sourceTree = "<group>"; };
		7793C70C23EDEF270063BBA4 /* ShiftTypeCell.swift */ = {isa = PBXFileReference; lastKnownFileType = sourcecode.swift; path = ShiftTypeCell.swift; sourceTree = "<group>"; };
		7793C70E23EDF6760063BBA4 /* ShiftStaffModel.swift */ = {isa = PBXFileReference; lastKnownFileType = sourcecode.swift; path = ShiftStaffModel.swift; sourceTree = "<group>"; };
		7793C71223F045E30063BBA4 /* SettingsViewController.swift */ = {isa = PBXFileReference; lastKnownFileType = sourcecode.swift; name = SettingsViewController.swift; path = /Users/viktor/Developer/Smenka/Smenka/MainVC/SettingsViewController.swift; sourceTree = "<absolute>"; };
		7793C71423F04A960063BBA4 /* TableViewDataSource.swift */ = {isa = PBXFileReference; lastKnownFileType = sourcecode.swift; path = TableViewDataSource.swift; sourceTree = "<group>"; };
		7793C71623F04B2E0063BBA4 /* ShiftTypeTableViewCell.swift */ = {isa = PBXFileReference; lastKnownFileType = sourcecode.swift; path = ShiftTypeTableViewCell.swift; sourceTree = "<group>"; };
		7793C71A23F05FC70063BBA4 /* ShiftTypeCreationView.xib */ = {isa = PBXFileReference; lastKnownFileType = file.xib; path = ShiftTypeCreationView.xib; sourceTree = "<group>"; };
		7793C71E23F062870063BBA4 /* ShiftTypeCreationView.swift */ = {isa = PBXFileReference; lastKnownFileType = sourcecode.swift; name = ShiftTypeCreationView.swift; path = /Users/viktor/Developer/Smenka/Smenka/SettingsVC/ShiftTypeCreationView.swift; sourceTree = "<absolute>"; };
		7793C72023F177390063BBA4 /* ShiftTypeCreationCollectionViewDataSourse.swift */ = {isa = PBXFileReference; lastKnownFileType = sourcecode.swift; path = ShiftTypeCreationCollectionViewDataSourse.swift; sourceTree = "<group>"; };
		7793C72623F1808E0063BBA4 /* ShiftTypeColorCollectionVCell.swift */ = {isa = PBXFileReference; lastKnownFileType = sourcecode.swift; path = ShiftTypeColorCollectionVCell.swift; sourceTree = "<group>"; };
		7793C72723F1808E0063BBA4 /* ShiftTypeColorCollectionVCell.xib */ = {isa = PBXFileReference; lastKnownFileType = file.xib; path = ShiftTypeColorCollectionVCell.xib; sourceTree = "<group>"; };
		7798341523FDD38300CB5180 /* Alert.storyboard */ = {isa = PBXFileReference; lastKnownFileType = file.storyboard; path = Alert.storyboard; sourceTree = "<group>"; };
		77D862C0240985420079EBBE /* Ext_UIView.swift */ = {isa = PBXFileReference; lastKnownFileType = sourcecode.swift; path = Ext_UIView.swift; sourceTree = "<group>"; };
		77E6A1152405C0C500F4A655 /* ViewStyle.swift */ = {isa = PBXFileReference; lastKnownFileType = sourcecode.swift; path = ViewStyle.swift; sourceTree = "<group>"; };
		77E6A11724082BB500F4A655 /* CustomNavigationBarInMainVC.xib */ = {isa = PBXFileReference; lastKnownFileType = file.xib; path = CustomNavigationBarInMainVC.xib; sourceTree = "<group>"; };
		77E6A11924082EBF00F4A655 /* CustomNavigationBarInMainVC.swift */ = {isa = PBXFileReference; lastKnownFileType = sourcecode.swift; path = CustomNavigationBarInMainVC.swift; sourceTree = "<group>"; };
		D1BC425899994F051C914AFA /* Pods_Smenka.framework */ = {isa = PBXFileReference; explicitFileType = wrapper.framework; includeInIndex = 0; path = Pods_Smenka.framework; sourceTree = BUILT_PRODUCTS_DIR; };
/* End PBXFileReference section */

/* Begin PBXFrameworksBuildPhase section */
		771943E223FC687800861758 /* Frameworks */ = {
			isa = PBXFrameworksBuildPhase;
			buildActionMask = 2147483647;
			files = (
				771943E723FC687800861758 /* NotificationCenter.framework in Frameworks */,
			);
			runOnlyForDeploymentPostprocessing = 0;
		};
		774A850023D76A8300A653A6 /* Frameworks */ = {
			isa = PBXFrameworksBuildPhase;
			buildActionMask = 2147483647;
			files = (
				909A6A9704E534AC9468D35B /* Pods_Smenka.framework in Frameworks */,
			);
			runOnlyForDeploymentPostprocessing = 0;
		};
/* End PBXFrameworksBuildPhase section */

/* Begin PBXGroup section */
		6FC2CA33A4ACEA8CD21558C4 /* Frameworks */ = {
			isa = PBXGroup;
			children = (
				D1BC425899994F051C914AFA /* Pods_Smenka.framework */,
				771943E623FC687800861758 /* NotificationCenter.framework */,
			);
			name = Frameworks;
			sourceTree = "<group>";
		};
		771943E823FC687800861758 /* Shifts */ = {
			isa = PBXGroup;
			children = (
				77302A6423FC7937004DB165 /* Shifts.entitlements */,
				778F4BF524006C290072C38D /* DataModel */,
				771943E923FC687800861758 /* TodayViewController.swift */,
				778F4BE723FFD74D0072C38D /* CalendarCollectionViewDataSourse.swift */,
				778F4BE923FFE47C0072C38D /* CalendarCollectionViewCell.swift */,
				771943EB23FC687800861758 /* MainInterface.storyboard */,
				771943EE23FC687800861758 /* Info.plist */,
			);
			path = Shifts;
			sourceTree = "<group>";
		};
		77372B39240BE31E00BA4BB3 /* TabBarController */ = {
			isa = PBXGroup;
			children = (
				774A850C23D76A8400A653A6 /* Main.storyboard */,
				77372B33240BC05200BA4BB3 /* CustomTabBarController.swift */,
			);
			path = TabBarController;
			sourceTree = "<group>";
		};
		77372B4624101DE900BA4BB3 /* Alert */ = {
			isa = PBXGroup;
			children = (
				77372B4424101DD900BA4BB3 /* ShiftTypeCreationAlertViewController.swift */,
				77372B4224101DA600BA4BB3 /* ShiftTypeCreationAlert.storyboard */,
			);
			path = Alert;
			sourceTree = "<group>";
		};
		774A84FA23D76A8300A653A6 = {
			isa = PBXGroup;
			children = (
				774A850523D76A8400A653A6 /* Smenka */,
				771943E823FC687800861758 /* Shifts */,
				774A850423D76A8400A653A6 /* Products */,
				7FBD475085E914001A7CAA15 /* Pods */,
				6FC2CA33A4ACEA8CD21558C4 /* Frameworks */,
			);
			sourceTree = "<group>";
		};
		774A850423D76A8400A653A6 /* Products */ = {
			isa = PBXGroup;
			children = (
				774A850323D76A8400A653A6 /* Smenka.app */,
				771943E523FC687800861758 /* Shifts.appex */,
			);
			name = Products;
			sourceTree = "<group>";
		};
		774A850523D76A8400A653A6 /* Smenka */ = {
			isa = PBXGroup;
			children = (
				77302A6623FDB577004DB165 /* Smenka.entitlements */,
				774A850623D76A8400A653A6 /* AppDelegate.swift */,
				774A850823D76A8400A653A6 /* SceneDelegate.swift */,
				774A852C23E3582400A653A6 /* DataModel */,
				774A852F23E35EAC00A653A6 /* Manager */,
				7793C70523E9FBE50063BBA4 /* BusinessLogic */,
				7793C71023EDFAA00063BBA4 /* MainVC */,
				7793C71123EDFD780063BBA4 /* SettingsVC */,
				77372B39240BE31E00BA4BB3 /* TabBarController */,
				774A850F23D76A8500A653A6 /* Assets.xcassets */,
				774A851123D76A8500A653A6 /* LaunchScreen.storyboard */,
				774A851423D76A8500A653A6 /* Info.plist */,
			);
			path = Smenka;
			sourceTree = "<group>";
		};
		774A852C23E3582400A653A6 /* DataModel */ = {
			isa = PBXGroup;
			children = (
				7793C6F923E840C00063BBA4 /* ScheduleShiftsModel.swift */,
				774A852823E3562900A653A6 /* ShiftModel.swift */,
				7793C6F723E4BA8D0063BBA4 /* ShiftTypeModel.swift */,
				7793C70E23EDF6760063BBA4 /* ShiftStaffModel.swift */,
				774A852A23E3572F00A653A6 /* StaffModel.swift */,
				774A851C23D772C800A653A6 /* CalendarDataSource.swift */,
				77E6A1152405C0C500F4A655 /* ViewStyle.swift */,
			);
			path = DataModel;
			sourceTree = "<group>";
		};
		774A852F23E35EAC00A653A6 /* Manager */ = {
			isa = PBXGroup;
			children = (
				7783940323F8166F000BD2D4 /* RealmCascadeDeleteion_Ext_Realm.swift */,
				774A852D23E35C5C00A653A6 /* StorageManager.swift */,
			);
			path = Manager;
			sourceTree = "<group>";
		};
		7783940923F88A32000BD2D4 /* Alerts */ = {
			isa = PBXGroup;
			children = (
				7783940723F88A22000BD2D4 /* ValidationCheckRemovalView.swift */,
				7798341523FDD38300CB5180 /* Alert.storyboard */,
			);
			path = Alerts;
			sourceTree = "<group>";
		};
		778F4BF524006C290072C38D /* DataModel */ = {
			isa = PBXGroup;
			children = (
				778F4BED240004390072C38D /* CalendarDataSourse.swift */,
			);
			path = DataModel;
			sourceTree = "<group>";
		};
		779110EE240846BA00DDFC1A /* NavigationBar */ = {
			isa = PBXGroup;
			children = (
				779110EA2408468E00DDFC1A /* CustomNavigationBarInSettingsVC.swift */,
				779110EC240846B400DDFC1A /* CustomNavigationBarInSettingsVC.xib */,
			);
			path = NavigationBar;
			sourceTree = "<group>";
		};
		7793C70523E9FBE50063BBA4 /* BusinessLogic */ = {
			isa = PBXGroup;
			children = (
				7793C70123E9F6010063BBA4 /* CheckTheSchudaleForExistence_Func.swift */,
				7793C70323E9FBD60063BBA4 /* CheckTheSchudaleForEmptiness_Func.swift */,
				7793C70623EA092C0063BBA4 /* RemoveScheduleShifts_Func.swift */,
				7783940123F7E657000BD2D4 /* CheckTheShiftTypeForExistence_Func.swift */,
				7793C6FF23E9F5380063BBA4 /* GetIndexFirstWeekDay_Func.swift */,
				7793C6FD23E9F0610063BBA4 /* SetEmptySchedaleShifts_Func.swift */,
				77372B31240BB6C500BA4BB3 /* SetFistClearShiftType_Func.swift */,
				77372B2D240A673600BA4BB3 /* SetEmptySaredData.swift */,
				77372B2F240BB5F900BA4BB3 /* SetDefaultDBRealmDirectory_Func.swift */,
				77372B3C240ED1C200BA4BB3 /* SetDefaultTheme_Func.swift */,
				77372B40240EF35000BA4BB3 /* SetThemeFromDefaults_Func.swift */,
				774A852023E0CA2C00A653A6 /* Ext_String.swift */,
				774A852223E0CA4100A653A6 /* Ext_Date.swift */,
				77D862C0240985420079EBBE /* Ext_UIView.swift */,
			);
			path = BusinessLogic;
			sourceTree = "<group>";
		};
		7793C71023EDFAA00063BBA4 /* MainVC */ = {
			isa = PBXGroup;
			children = (
				77372B35240BC4C300BA4BB3 /* MainVCStoryboard.storyboard */,
				774A850A23D76A8400A653A6 /* MainViewController.swift */,
				774A852423E2103600A653A6 /* CollectionViewDataSourse.swift */,
				774A851A23D7712500A653A6 /* DateCollectionViewCell.swift */,
				7793C70823EDE3720063BBA4 /* TableViewDataSource_Ext_MainVC.swift */,
				7793C70C23EDEF270063BBA4 /* ShiftTypeCell.swift */,
				77E6A11B24082EC600F4A655 /* NavigationBar */,
				7783940923F88A32000BD2D4 /* Alerts */,
			);
			path = MainVC;
			sourceTree = "<group>";
		};
		7793C71123EDFD780063BBA4 /* SettingsVC */ = {
			isa = PBXGroup;
			children = (
				77372B37240BC60900BA4BB3 /* SettingsVCStoryboard.storyboard */,
				7793C71223F045E30063BBA4 /* SettingsViewController.swift */,
				7793C71423F04A960063BBA4 /* TableViewDataSource.swift */,
				774F98D123F480D700596B08 /* TrailingSwipeAction.swift */,
				7793C71623F04B2E0063BBA4 /* ShiftTypeTableViewCell.swift */,
				779110EE240846BA00DDFC1A /* NavigationBar */,
				7793C72A23F180C10063BBA4 /* ShiftTypeCreation */,
				77372B4624101DE900BA4BB3 /* Alert */,
			);
			path = SettingsVC;
			sourceTree = "<group>";
		};
		7793C72A23F180C10063BBA4 /* ShiftTypeCreation */ = {
			isa = PBXGroup;
			children = (
				7793C71A23F05FC70063BBA4 /* ShiftTypeCreationView.xib */,
				7793C71E23F062870063BBA4 /* ShiftTypeCreationView.swift */,
				7793C72023F177390063BBA4 /* ShiftTypeCreationCollectionViewDataSourse.swift */,
				7793C72B23F180ED0063BBA4 /* ColorCollecitonView */,
			);
			path = ShiftTypeCreation;
			sourceTree = "<group>";
		};
		7793C72B23F180ED0063BBA4 /* ColorCollecitonView */ = {
			isa = PBXGroup;
			children = (
				7793C72623F1808E0063BBA4 /* ShiftTypeColorCollectionVCell.swift */,
				7793C72723F1808E0063BBA4 /* ShiftTypeColorCollectionVCell.xib */,
			);
			path = ColorCollecitonView;
			sourceTree = "<group>";
		};
		77E6A11B24082EC600F4A655 /* NavigationBar */ = {
			isa = PBXGroup;
			children = (
				77E6A11924082EBF00F4A655 /* CustomNavigationBarInMainVC.swift */,
				77E6A11724082BB500F4A655 /* CustomNavigationBarInMainVC.xib */,
			);
			path = NavigationBar;
			sourceTree = "<group>";
		};
		7FBD475085E914001A7CAA15 /* Pods */ = {
			isa = PBXGroup;
			children = (
				38CDAE717FB3AA3D1B574B61 /* Pods-Smenka.debug.xcconfig */,
				567F2514FF79E89DF21301B1 /* Pods-Smenka.release.xcconfig */,
			);
			path = Pods;
			sourceTree = "<group>";
		};
/* End PBXGroup section */

/* Begin PBXNativeTarget section */
		771943E423FC687800861758 /* Shifts */ = {
			isa = PBXNativeTarget;
			buildConfigurationList = 771943F523FC687800861758 /* Build configuration list for PBXNativeTarget "Shifts" */;
			buildPhases = (
				771943E123FC687800861758 /* Sources */,
				771943E223FC687800861758 /* Frameworks */,
				771943E323FC687800861758 /* Resources */,
			);
			buildRules = (
			);
			dependencies = (
			);
			name = Shifts;
			productName = Shifts;
			productReference = 771943E523FC687800861758 /* Shifts.appex */;
			productType = "com.apple.product-type.app-extension";
		};
		774A850223D76A8300A653A6 /* Smenka */ = {
			isa = PBXNativeTarget;
			buildConfigurationList = 774A851723D76A8500A653A6 /* Build configuration list for PBXNativeTarget "Smenka" */;
			buildPhases = (
				99B8BCF52464CAD1C403E4EA /* [CP] Check Pods Manifest.lock */,
				774A84FF23D76A8300A653A6 /* Sources */,
				774A850023D76A8300A653A6 /* Frameworks */,
				774A850123D76A8300A653A6 /* Resources */,
				AF604FFF56EEA986B305EB83 /* [CP] Embed Pods Frameworks */,
				771943F223FC687800861758 /* Embed App Extensions */,
			);
			buildRules = (
			);
			dependencies = (
				771943F023FC687800861758 /* PBXTargetDependency */,
			);
			name = Smenka;
			productName = Smenka;
			productReference = 774A850323D76A8400A653A6 /* Smenka.app */;
			productType = "com.apple.product-type.application";
		};
/* End PBXNativeTarget section */

/* Begin PBXProject section */
		774A84FB23D76A8300A653A6 /* Project object */ = {
			isa = PBXProject;
			attributes = {
				LastSwiftUpdateCheck = 1130;
				LastUpgradeCheck = 1130;
				ORGANIZATIONNAME = Viktor;
				TargetAttributes = {
					771943E423FC687800861758 = {
						CreatedOnToolsVersion = 11.3.1;
					};
					774A850223D76A8300A653A6 = {
						CreatedOnToolsVersion = 11.3.1;
					};
				};
			};
			buildConfigurationList = 774A84FE23D76A8300A653A6 /* Build configuration list for PBXProject "Smenka" */;
			compatibilityVersion = "Xcode 9.3";
			developmentRegion = en;
			hasScannedForEncodings = 0;
			knownRegions = (
				en,
				Base,
			);
			mainGroup = 774A84FA23D76A8300A653A6;
			productRefGroup = 774A850423D76A8400A653A6 /* Products */;
			projectDirPath = "";
			projectRoot = "";
			targets = (
				774A850223D76A8300A653A6 /* Smenka */,
				771943E423FC687800861758 /* Shifts */,
			);
		};
/* End PBXProject section */

/* Begin PBXResourcesBuildPhase section */
		771943E323FC687800861758 /* Resources */ = {
			isa = PBXResourcesBuildPhase;
			buildActionMask = 2147483647;
			files = (
				77302A6523FC7C21004DB165 /* Assets.xcassets in Resources */,
				771943ED23FC687800861758 /* MainInterface.storyboard in Resources */,
			);
			runOnlyForDeploymentPostprocessing = 0;
		};
		774A850123D76A8300A653A6 /* Resources */ = {
			isa = PBXResourcesBuildPhase;
			buildActionMask = 2147483647;
			files = (
				7793C72923F1808E0063BBA4 /* ShiftTypeColorCollectionVCell.xib in Resources */,
				774A851323D76A8500A653A6 /* LaunchScreen.storyboard in Resources */,
				774A851023D76A8500A653A6 /* Assets.xcassets in Resources */,
				77372B36240BC4C300BA4BB3 /* MainVCStoryboard.storyboard in Resources */,
				7793C71B23F05FC70063BBA4 /* ShiftTypeCreationView.xib in Resources */,
				77E6A11824082BB500F4A655 /* CustomNavigationBarInMainVC.xib in Resources */,
				779110ED240846B400DDFC1A /* CustomNavigationBarInSettingsVC.xib in Resources */,
				77372B4324101DA600BA4BB3 /* ShiftTypeCreationAlert.storyboard in Resources */,
				774A850E23D76A8400A653A6 /* Main.storyboard in Resources */,
				7798341623FDD38300CB5180 /* Alert.storyboard in Resources */,
				77372B38240BC60900BA4BB3 /* SettingsVCStoryboard.storyboard in Resources */,
			);
			runOnlyForDeploymentPostprocessing = 0;
		};
/* End PBXResourcesBuildPhase section */

/* Begin PBXShellScriptBuildPhase section */
		99B8BCF52464CAD1C403E4EA /* [CP] Check Pods Manifest.lock */ = {
			isa = PBXShellScriptBuildPhase;
			buildActionMask = 2147483647;
			files = (
			);
			inputFileListPaths = (
			);
			inputPaths = (
				"${PODS_PODFILE_DIR_PATH}/Podfile.lock",
				"${PODS_ROOT}/Manifest.lock",
			);
			name = "[CP] Check Pods Manifest.lock";
			outputFileListPaths = (
			);
			outputPaths = (
				"$(DERIVED_FILE_DIR)/Pods-Smenka-checkManifestLockResult.txt",
			);
			runOnlyForDeploymentPostprocessing = 0;
			shellPath = /bin/sh;
			shellScript = "diff \"${PODS_PODFILE_DIR_PATH}/Podfile.lock\" \"${PODS_ROOT}/Manifest.lock\" > /dev/null\nif [ $? != 0 ] ; then\n    # print error to STDERR\n    echo \"error: The sandbox is not in sync with the Podfile.lock. Run 'pod install' or update your CocoaPods installation.\" >&2\n    exit 1\nfi\n# This output is used by Xcode 'outputs' to avoid re-running this script phase.\necho \"SUCCESS\" > \"${SCRIPT_OUTPUT_FILE_0}\"\n";
			showEnvVarsInLog = 0;
		};
		AF604FFF56EEA986B305EB83 /* [CP] Embed Pods Frameworks */ = {
			isa = PBXShellScriptBuildPhase;
			buildActionMask = 2147483647;
			files = (
			);
			inputFileListPaths = (
				"${PODS_ROOT}/Target Support Files/Pods-Smenka/Pods-Smenka-frameworks-${CONFIGURATION}-input-files.xcfilelist",
			);
			name = "[CP] Embed Pods Frameworks";
			outputFileListPaths = (
				"${PODS_ROOT}/Target Support Files/Pods-Smenka/Pods-Smenka-frameworks-${CONFIGURATION}-output-files.xcfilelist",
			);
			runOnlyForDeploymentPostprocessing = 0;
			shellPath = /bin/sh;
			shellScript = "\"${PODS_ROOT}/Target Support Files/Pods-Smenka/Pods-Smenka-frameworks.sh\"\n";
			showEnvVarsInLog = 0;
		};
/* End PBXShellScriptBuildPhase section */

/* Begin PBXSourcesBuildPhase section */
		771943E123FC687800861758 /* Sources */ = {
			isa = PBXSourcesBuildPhase;
			buildActionMask = 2147483647;
			files = (
				778F4BEE240004390072C38D /* CalendarDataSourse.swift in Sources */,
				778F4BEA23FFE47C0072C38D /* CalendarCollectionViewCell.swift in Sources */,
				778F4BE823FFD74D0072C38D /* CalendarCollectionViewDataSourse.swift in Sources */,
				771943EA23FC687800861758 /* TodayViewController.swift in Sources */,
			);
			runOnlyForDeploymentPostprocessing = 0;
		};
		774A84FF23D76A8300A653A6 /* Sources */ = {
			isa = PBXSourcesBuildPhase;
			buildActionMask = 2147483647;
			files = (
				7793C6FE23E9F0610063BBA4 /* SetEmptySchedaleShifts_Func.swift in Sources */,
				7793C6F823E4BA8D0063BBA4 /* ShiftTypeModel.swift in Sources */,
				77372B4524101DD900BA4BB3 /* ShiftTypeCreationAlertViewController.swift in Sources */,
				77372B34240BC05200BA4BB3 /* CustomTabBarController.swift in Sources */,
				774A851B23D7712500A653A6 /* DateCollectionViewCell.swift in Sources */,
				774A851D23D772C800A653A6 /* CalendarDataSource.swift in Sources */,
				7783940823F88A22000BD2D4 /* ValidationCheckRemovalView.swift in Sources */,
				7793C70223E9F6010063BBA4 /* CheckTheSchudaleForExistence_Func.swift in Sources */,
				7793C70723EA092C0063BBA4 /* RemoveScheduleShifts_Func.swift in Sources */,
				774A852E23E35C5C00A653A6 /* StorageManager.swift in Sources */,
				7793C70923EDE3720063BBA4 /* TableViewDataSource_Ext_MainVC.swift in Sources */,
				7793C71F23F062870063BBA4 /* ShiftTypeCreationView.swift in Sources */,
				7793C71523F04A960063BBA4 /* TableViewDataSource.swift in Sources */,
				774A852B23E3572F00A653A6 /* StaffModel.swift in Sources */,
				77372B3D240ED1C200BA4BB3 /* SetDefaultTheme_Func.swift in Sources */,
				77E6A11A24082EBF00F4A655 /* CustomNavigationBarInMainVC.swift in Sources */,
				7793C71723F04B2E0063BBA4 /* ShiftTypeTableViewCell.swift in Sources */,
				779110EB2408468E00DDFC1A /* CustomNavigationBarInSettingsVC.swift in Sources */,
				774F98D223F480D700596B08 /* TrailingSwipeAction.swift in Sources */,
				7793C6FA23E840C00063BBA4 /* ScheduleShiftsModel.swift in Sources */,
				7793C72823F1808E0063BBA4 /* ShiftTypeColorCollectionVCell.swift in Sources */,
				7793C70023E9F5380063BBA4 /* GetIndexFirstWeekDay_Func.swift in Sources */,
				7793C72123F177390063BBA4 /* ShiftTypeCreationCollectionViewDataSourse.swift in Sources */,
				77D862C1240985420079EBBE /* Ext_UIView.swift in Sources */,
				77372B32240BB6C500BA4BB3 /* SetFistClearShiftType_Func.swift in Sources */,
				774A852323E0CA4100A653A6 /* Ext_Date.swift in Sources */,
				774A852523E2103600A653A6 /* CollectionViewDataSourse.swift in Sources */,
				77302A6723FDC315004DB165 /* TodayViewController.swift in Sources */,
				7793C71323F045E40063BBA4 /* SettingsViewController.swift in Sources */,
				774A852123E0CA2C00A653A6 /* Ext_String.swift in Sources */,
				77372B2E240A673600BA4BB3 /* SetEmptySaredData.swift in Sources */,
				774A850B23D76A8400A653A6 /* MainViewController.swift in Sources */,
				7793C70423E9FBD60063BBA4 /* CheckTheSchudaleForEmptiness_Func.swift in Sources */,
				77372B41240EF35100BA4BB3 /* SetThemeFromDefaults_Func.swift in Sources */,
				7783940223F7E657000BD2D4 /* CheckTheShiftTypeForExistence_Func.swift in Sources */,
				77372B30240BB5F900BA4BB3 /* SetDefaultDBRealmDirectory_Func.swift in Sources */,
				774A850723D76A8400A653A6 /* AppDelegate.swift in Sources */,
				774A852923E3562900A653A6 /* ShiftModel.swift in Sources */,
				7783940423F8166F000BD2D4 /* RealmCascadeDeleteion_Ext_Realm.swift in Sources */,
				7793C70D23EDEF270063BBA4 /* ShiftTypeCell.swift in Sources */,
				77E6A1162405C0C500F4A655 /* ViewStyle.swift in Sources */,
				774A850923D76A8400A653A6 /* SceneDelegate.swift in Sources */,
				7793C70F23EDF6760063BBA4 /* ShiftStaffModel.swift in Sources */,
			);
			runOnlyForDeploymentPostprocessing = 0;
		};
/* End PBXSourcesBuildPhase section */

/* Begin PBXTargetDependency section */
		771943F023FC687800861758 /* PBXTargetDependency */ = {
			isa = PBXTargetDependency;
			target = 771943E423FC687800861758 /* Shifts */;
			targetProxy = 771943EF23FC687800861758 /* PBXContainerItemProxy */;
		};
/* End PBXTargetDependency section */

/* Begin PBXVariantGroup section */
		771943EB23FC687800861758 /* MainInterface.storyboard */ = {
			isa = PBXVariantGroup;
			children = (
				771943EC23FC687800861758 /* Base */,
			);
			name = MainInterface.storyboard;
			sourceTree = "<group>";
		};
		774A850C23D76A8400A653A6 /* Main.storyboard */ = {
			isa = PBXVariantGroup;
			children = (
				774A850D23D76A8400A653A6 /* Base */,
			);
			name = Main.storyboard;
			sourceTree = "<group>";
		};
		774A851123D76A8500A653A6 /* LaunchScreen.storyboard */ = {
			isa = PBXVariantGroup;
			children = (
				774A851223D76A8500A653A6 /* Base */,
			);
			name = LaunchScreen.storyboard;
			sourceTree = "<group>";
		};
/* End PBXVariantGroup section */

/* Begin XCBuildConfiguration section */
		771943F323FC687800861758 /* Debug */ = {
			isa = XCBuildConfiguration;
			buildSettings = {
				CODE_SIGN_ENTITLEMENTS = Shifts/Shifts.entitlements;
				CODE_SIGN_IDENTITY = "Apple Development";
				CODE_SIGN_STYLE = Automatic;
				DEVELOPMENT_TEAM = YL752VZ4SN;
				INFOPLIST_FILE = Shifts/Info.plist;
				LD_RUNPATH_SEARCH_PATHS = (
					"$(inherited)",
					"@executable_path/Frameworks",
					"@executable_path/../../Frameworks",
				);
				PRODUCT_BUNDLE_IDENTIFIER = "VP-P.Smenka.Shifts";
				PRODUCT_NAME = "$(TARGET_NAME)";
				PROVISIONING_PROFILE_SPECIFIER = "";
				SKIP_INSTALL = YES;
				SWIFT_VERSION = 5.0;
				TARGETED_DEVICE_FAMILY = "1,2";
			};
			name = Debug;
		};
		771943F423FC687800861758 /* Release */ = {
			isa = XCBuildConfiguration;
			buildSettings = {
				CODE_SIGN_ENTITLEMENTS = Shifts/Shifts.entitlements;
				CODE_SIGN_IDENTITY = "Apple Development";
				CODE_SIGN_STYLE = Automatic;
				DEVELOPMENT_TEAM = YL752VZ4SN;
				INFOPLIST_FILE = Shifts/Info.plist;
				LD_RUNPATH_SEARCH_PATHS = (
					"$(inherited)",
					"@executable_path/Frameworks",
					"@executable_path/../../Frameworks",
				);
				PRODUCT_BUNDLE_IDENTIFIER = "VP-P.Smenka.Shifts";
				PRODUCT_NAME = "$(TARGET_NAME)";
				PROVISIONING_PROFILE_SPECIFIER = "";
				SKIP_INSTALL = YES;
				SWIFT_VERSION = 5.0;
				TARGETED_DEVICE_FAMILY = "1,2";
			};
			name = Release;
		};
		774A851523D76A8500A653A6 /* Debug */ = {
			isa = XCBuildConfiguration;
			buildSettings = {
				ALWAYS_SEARCH_USER_PATHS = NO;
				CLANG_ANALYZER_NONNULL = YES;
				CLANG_ANALYZER_NUMBER_OBJECT_CONVERSION = YES_AGGRESSIVE;
				CLANG_CXX_LANGUAGE_STANDARD = "gnu++14";
				CLANG_CXX_LIBRARY = "libc++";
				CLANG_ENABLE_MODULES = YES;
				CLANG_ENABLE_OBJC_ARC = YES;
				CLANG_ENABLE_OBJC_WEAK = YES;
				CLANG_WARN_BLOCK_CAPTURE_AUTORELEASING = YES;
				CLANG_WARN_BOOL_CONVERSION = YES;
				CLANG_WARN_COMMA = YES;
				CLANG_WARN_CONSTANT_CONVERSION = YES;
				CLANG_WARN_DEPRECATED_OBJC_IMPLEMENTATIONS = YES;
				CLANG_WARN_DIRECT_OBJC_ISA_USAGE = YES_ERROR;
				CLANG_WARN_DOCUMENTATION_COMMENTS = YES;
				CLANG_WARN_EMPTY_BODY = YES;
				CLANG_WARN_ENUM_CONVERSION = YES;
				CLANG_WARN_INFINITE_RECURSION = YES;
				CLANG_WARN_INT_CONVERSION = YES;
				CLANG_WARN_NON_LITERAL_NULL_CONVERSION = YES;
				CLANG_WARN_OBJC_IMPLICIT_RETAIN_SELF = YES;
				CLANG_WARN_OBJC_LITERAL_CONVERSION = YES;
				CLANG_WARN_OBJC_ROOT_CLASS = YES_ERROR;
				CLANG_WARN_RANGE_LOOP_ANALYSIS = YES;
				CLANG_WARN_STRICT_PROTOTYPES = YES;
				CLANG_WARN_SUSPICIOUS_MOVE = YES;
				CLANG_WARN_UNGUARDED_AVAILABILITY = YES_AGGRESSIVE;
				CLANG_WARN_UNREACHABLE_CODE = YES;
				CLANG_WARN__DUPLICATE_METHOD_MATCH = YES;
				COPY_PHASE_STRIP = NO;
				DEBUG_INFORMATION_FORMAT = dwarf;
				ENABLE_STRICT_OBJC_MSGSEND = YES;
				ENABLE_TESTABILITY = YES;
				GCC_C_LANGUAGE_STANDARD = gnu11;
				GCC_DYNAMIC_NO_PIC = NO;
				GCC_NO_COMMON_BLOCKS = YES;
				GCC_OPTIMIZATION_LEVEL = 0;
				GCC_PREPROCESSOR_DEFINITIONS = (
					"DEBUG=1",
					"$(inherited)",
				);
				GCC_WARN_64_TO_32_BIT_CONVERSION = YES;
				GCC_WARN_ABOUT_RETURN_TYPE = YES_ERROR;
				GCC_WARN_UNDECLARED_SELECTOR = YES;
				GCC_WARN_UNINITIALIZED_AUTOS = YES_AGGRESSIVE;
				GCC_WARN_UNUSED_FUNCTION = YES;
				GCC_WARN_UNUSED_VARIABLE = YES;
				IPHONEOS_DEPLOYMENT_TARGET = 13.2;
				MTL_ENABLE_DEBUG_INFO = INCLUDE_SOURCE;
				MTL_FAST_MATH = YES;
				ONLY_ACTIVE_ARCH = YES;
				SDKROOT = iphoneos;
				SWIFT_ACTIVE_COMPILATION_CONDITIONS = DEBUG;
				SWIFT_OPTIMIZATION_LEVEL = "-Onone";
			};
			name = Debug;
		};
		774A851623D76A8500A653A6 /* Release */ = {
			isa = XCBuildConfiguration;
			buildSettings = {
				ALWAYS_SEARCH_USER_PATHS = NO;
				CLANG_ANALYZER_NONNULL = YES;
				CLANG_ANALYZER_NUMBER_OBJECT_CONVERSION = YES_AGGRESSIVE;
				CLANG_CXX_LANGUAGE_STANDARD = "gnu++14";
				CLANG_CXX_LIBRARY = "libc++";
				CLANG_ENABLE_MODULES = YES;
				CLANG_ENABLE_OBJC_ARC = YES;
				CLANG_ENABLE_OBJC_WEAK = YES;
				CLANG_WARN_BLOCK_CAPTURE_AUTORELEASING = YES;
				CLANG_WARN_BOOL_CONVERSION = YES;
				CLANG_WARN_COMMA = YES;
				CLANG_WARN_CONSTANT_CONVERSION = YES;
				CLANG_WARN_DEPRECATED_OBJC_IMPLEMENTATIONS = YES;
				CLANG_WARN_DIRECT_OBJC_ISA_USAGE = YES_ERROR;
				CLANG_WARN_DOCUMENTATION_COMMENTS = YES;
				CLANG_WARN_EMPTY_BODY = YES;
				CLANG_WARN_ENUM_CONVERSION = YES;
				CLANG_WARN_INFINITE_RECURSION = YES;
				CLANG_WARN_INT_CONVERSION = YES;
				CLANG_WARN_NON_LITERAL_NULL_CONVERSION = YES;
				CLANG_WARN_OBJC_IMPLICIT_RETAIN_SELF = YES;
				CLANG_WARN_OBJC_LITERAL_CONVERSION = YES;
				CLANG_WARN_OBJC_ROOT_CLASS = YES_ERROR;
				CLANG_WARN_RANGE_LOOP_ANALYSIS = YES;
				CLANG_WARN_STRICT_PROTOTYPES = YES;
				CLANG_WARN_SUSPICIOUS_MOVE = YES;
				CLANG_WARN_UNGUARDED_AVAILABILITY = YES_AGGRESSIVE;
				CLANG_WARN_UNREACHABLE_CODE = YES;
				CLANG_WARN__DUPLICATE_METHOD_MATCH = YES;
				COPY_PHASE_STRIP = NO;
				DEBUG_INFORMATION_FORMAT = "dwarf-with-dsym";
				ENABLE_NS_ASSERTIONS = NO;
				ENABLE_STRICT_OBJC_MSGSEND = YES;
				GCC_C_LANGUAGE_STANDARD = gnu11;
				GCC_NO_COMMON_BLOCKS = YES;
				GCC_WARN_64_TO_32_BIT_CONVERSION = YES;
				GCC_WARN_ABOUT_RETURN_TYPE = YES_ERROR;
				GCC_WARN_UNDECLARED_SELECTOR = YES;
				GCC_WARN_UNINITIALIZED_AUTOS = YES_AGGRESSIVE;
				GCC_WARN_UNUSED_FUNCTION = YES;
				GCC_WARN_UNUSED_VARIABLE = YES;
				IPHONEOS_DEPLOYMENT_TARGET = 13.2;
				MTL_ENABLE_DEBUG_INFO = NO;
				MTL_FAST_MATH = YES;
				SDKROOT = iphoneos;
				SWIFT_COMPILATION_MODE = wholemodule;
				SWIFT_OPTIMIZATION_LEVEL = "-O";
				VALIDATE_PRODUCT = YES;
			};
			name = Release;
		};
		774A851823D76A8500A653A6 /* Debug */ = {
			isa = XCBuildConfiguration;
			baseConfigurationReference = 38CDAE717FB3AA3D1B574B61 /* Pods-Smenka.debug.xcconfig */;
			buildSettings = {
				ALWAYS_EMBED_SWIFT_STANDARD_LIBRARIES = YES;
				ASSETCATALOG_COMPILER_APPICON_NAME = AppIcon;
				CODE_SIGN_ENTITLEMENTS = Smenka/Smenka.entitlements;
				CODE_SIGN_STYLE = Automatic;
				DEVELOPMENT_TEAM = YL752VZ4SN;
				INFOPLIST_FILE = Smenka/Info.plist;
				LD_RUNPATH_SEARCH_PATHS = (
					"$(inherited)",
					"@executable_path/Frameworks",
				);
				PRODUCT_BUNDLE_IDENTIFIER = "VP-P.Smenka";
				PRODUCT_NAME = "$(TARGET_NAME)";
				SWIFT_VERSION = 5.0;
				TARGETED_DEVICE_FAMILY = 1;
			};
			name = Debug;
		};
		774A851923D76A8500A653A6 /* Release */ = {
			isa = XCBuildConfiguration;
			baseConfigurationReference = 567F2514FF79E89DF21301B1 /* Pods-Smenka.release.xcconfig */;
			buildSettings = {
				ALWAYS_EMBED_SWIFT_STANDARD_LIBRARIES = YES;
				ASSETCATALOG_COMPILER_APPICON_NAME = AppIcon;
				CODE_SIGN_ENTITLEMENTS = Smenka/Smenka.entitlements;
				CODE_SIGN_STYLE = Automatic;
				DEVELOPMENT_TEAM = YL752VZ4SN;
				INFOPLIST_FILE = Smenka/Info.plist;
				LD_RUNPATH_SEARCH_PATHS = (
					"$(inherited)",
					"@executable_path/Frameworks",
				);
				PRODUCT_BUNDLE_IDENTIFIER = "VP-P.Smenka";
				PRODUCT_NAME = "$(TARGET_NAME)";
				SWIFT_VERSION = 5.0;
				TARGETED_DEVICE_FAMILY = 1;
			};
			name = Release;
		};
/* End XCBuildConfiguration section */

/* Begin XCConfigurationList section */
		771943F523FC687800861758 /* Build configuration list for PBXNativeTarget "Shifts" */ = {
			isa = XCConfigurationList;
			buildConfigurations = (
				771943F323FC687800861758 /* Debug */,
				771943F423FC687800861758 /* Release */,
			);
			defaultConfigurationIsVisible = 0;
			defaultConfigurationName = Release;
		};
		774A84FE23D76A8300A653A6 /* Build configuration list for PBXProject "Smenka" */ = {
			isa = XCConfigurationList;
			buildConfigurations = (
				774A851523D76A8500A653A6 /* Debug */,
				774A851623D76A8500A653A6 /* Release */,
			);
			defaultConfigurationIsVisible = 0;
			defaultConfigurationName = Release;
		};
		774A851723D76A8500A653A6 /* Build configuration list for PBXNativeTarget "Smenka" */ = {
			isa = XCConfigurationList;
			buildConfigurations = (
				774A851823D76A8500A653A6 /* Debug */,
				774A851923D76A8500A653A6 /* Release */,
			);
			defaultConfigurationIsVisible = 0;
			defaultConfigurationName = Release;
		};
/* End XCConfigurationList section */
	};
	rootObject = 774A84FB23D76A8300A653A6 /* Project object */;
}
